// !$*UTF8*$!
{
	archiveVersion = 1;
	classes = {
	};
	objectVersion = 50;
	objects = {

/* Begin PBXBuildFile section */
		F007671D22B69B5400875BE8 /* DetailScreen.swift in Sources */ = {isa = PBXBuildFile; fileRef = F007671C22B69B5400875BE8 /* DetailScreen.swift */; };
		F072EB6B22B6347800473651 /* AppDelegate.swift in Sources */ = {isa = PBXBuildFile; fileRef = F072EB6A22B6347800473651 /* AppDelegate.swift */; };
		F072EB6D22B6347800473651 /* SceneDelegate.swift in Sources */ = {isa = PBXBuildFile; fileRef = F072EB6C22B6347800473651 /* SceneDelegate.swift */; };
		F072EB6F22B6347800473651 /* ViewController.swift in Sources */ = {isa = PBXBuildFile; fileRef = F072EB6E22B6347800473651 /* ViewController.swift */; };
		F072EB7222B6347800473651 /* Main.storyboard in Resources */ = {isa = PBXBuildFile; fileRef = F072EB7022B6347800473651 /* Main.storyboard */; };
		F072EB7422B6347800473651 /* Assets.xcassets in Resources */ = {isa = PBXBuildFile; fileRef = F072EB7322B6347800473651 /* Assets.xcassets */; };
		F072EB7722B6347800473651 /* LaunchScreen.storyboard in Resources */ = {isa = PBXBuildFile; fileRef = F072EB7522B6347800473651 /* LaunchScreen.storyboard */; };
		F072EB7F22B63ABC00473651 /* Data.swift in Sources */ = {isa = PBXBuildFile; fileRef = F072EB7E22B63ABC00473651 /* Data.swift */; };
		F072EB8322B63F8700473651 /* CustomCell.xib in Resources */ = {isa = PBXBuildFile; fileRef = F072EB8222B63F8700473651 /* CustomCell.xib */; };
		F072EB8522B6402400473651 /* CustomCell.swift in Sources */ = {isa = PBXBuildFile; fileRef = F072EB8422B6402400473651 /* CustomCell.swift */; };
/* End PBXBuildFile section */

/* Begin PBXFileReference section */
		F007671C22B69B5400875BE8 /* DetailScreen.swift */ = {isa = PBXFileReference; lastKnownFileType = sourcecode.swift; path = DetailScreen.swift; sourceTree = "<group>"; };
		F072EB6722B6347800473651 /* UIKit&SwiftUI.app */ = {isa = PBXFileReference; explicitFileType = wrapper.application; includeInIndex = 0; path = "UIKit&SwiftUI.app"; sourceTree = BUILT_PRODUCTS_DIR; };
		F072EB6A22B6347800473651 /* AppDelegate.swift */ = {isa = PBXFileReference; lastKnownFileType = sourcecode.swift; path = AppDelegate.swift; sourceTree = "<group>"; };
		F072EB6C22B6347800473651 /* SceneDelegate.swift */ = {isa = PBXFileReference; lastKnownFileType = sourcecode.swift; path = SceneDelegate.swift; sourceTree = "<group>"; };
		F072EB6E22B6347800473651 /* ViewController.swift */ = {isa = PBXFileReference; lastKnownFileType = sourcecode.swift; path = ViewController.swift; sourceTree = "<group>"; };
		F072EB7122B6347800473651 /* Base */ = {isa = PBXFileReference; lastKnownFileType = file.storyboard; name = Base; path = Base.lproj/Main.storyboard; sourceTree = "<group>"; };
		F072EB7322B6347800473651 /* Assets.xcassets */ = {isa = PBXFileReference; lastKnownFileType = folder.assetcatalog; path = Assets.xcassets; sourceTree = "<group>"; };
		F072EB7622B6347800473651 /* Base */ = {isa = PBXFileReference; lastKnownFileType = file.storyboard; name = Base; path = Base.lproj/LaunchScreen.storyboard; sourceTree = "<group>"; };
		F072EB7822B6347800473651 /* Info.plist */ = {isa = PBXFileReference; lastKnownFileType = text.plist.xml; path = Info.plist; sourceTree = "<group>"; };
		F072EB7E22B63ABC00473651 /* Data.swift */ = {isa = PBXFileReference; lastKnownFileType = sourcecode.swift; path = Data.swift; sourceTree = "<group>"; };
		F072EB8222B63F8700473651 /* CustomCell.xib */ = {isa = PBXFileReference; lastKnownFileType = file.xib; path = CustomCell.xib; sourceTree = "<group>"; };
		F072EB8422B6402400473651 /* CustomCell.swift */ = {isa = PBXFileReference; lastKnownFileType = sourcecode.swift; path = CustomCell.swift; sourceTree = "<group>"; };
/* End PBXFileReference section */

/* Begin PBXFrameworksBuildPhase section */
		F072EB6422B6347800473651 /* Frameworks */ = {
			isa = PBXFrameworksBuildPhase;
			buildActionMask = 2147483647;
			files = (
			);
			runOnlyForDeploymentPostprocessing = 0;
		};
/* End PBXFrameworksBuildPhase section */

/* Begin PBXGroup section */
		F072EB5E22B6347800473651 = {
			isa = PBXGroup;
			children = (
				F072EB6922B6347800473651 /* UIKit&SwiftUI */,
				F072EB6822B6347800473651 /* Products */,
			);
			sourceTree = "<group>";
		};
		F072EB6822B6347800473651 /* Products */ = {
			isa = PBXGroup;
			children = (
				F072EB6722B6347800473651 /* UIKit&SwiftUI.app */,
			);
			name = Products;
			sourceTree = "<group>";
		};
		F072EB6922B6347800473651 /* UIKit&SwiftUI */ = {
			isa = PBXGroup;
			children = (
				F072EB6A22B6347800473651 /* AppDelegate.swift */,
				F072EB6C22B6347800473651 /* SceneDelegate.swift */,
				F007671C22B69B5400875BE8 /* DetailScreen.swift */,
				F072EBCE22B64D7700473651 /* Courses */,
				F072EBCC22B64D5300473651 /* Services */,
				F072EB7322B6347800473651 /* Assets.xcassets */,
				F072EB7522B6347800473651 /* LaunchScreen.storyboard */,
				F072EB7822B6347800473651 /* Info.plist */,
			);
			path = "UIKit&SwiftUI";
			sourceTree = "<group>";
		};
		F072EBCC22B64D5300473651 /* Services */ = {
			isa = PBXGroup;
			children = (
				F072EB7E22B63ABC00473651 /* Data.swift */,
			);
			path = Services;
			sourceTree = "<group>";
		};
		F072EBCD22B64D6000473651 /* Cell */ = {
			isa = PBXGroup;
			children = (
				F072EB8422B6402400473651 /* CustomCell.swift */,
				F072EB8222B63F8700473651 /* CustomCell.xib */,
			);
			path = Cell;
			sourceTree = "<group>";
		};
		F072EBCE22B64D7700473651 /* Courses */ = {
			isa = PBXGroup;
			children = (
				F072EBCD22B64D6000473651 /* Cell */,
				F072EB6E22B6347800473651 /* ViewController.swift */,
				F072EB7022B6347800473651 /* Main.storyboard */,
			);
			path = Courses;
			sourceTree = "<group>";
		};
/* End PBXGroup section */

/* Begin PBXNativeTarget section */
		F072EB6622B6347800473651 /* UIKit&SwiftUI */ = {
			isa = PBXNativeTarget;
			buildConfigurationList = F072EB7B22B6347800473651 /* Build configuration list for PBXNativeTarget "UIKit&SwiftUI" */;
			buildPhases = (
				F072EB6322B6347800473651 /* Sources */,
				F072EB6422B6347800473651 /* Frameworks */,
				F072EB6522B6347800473651 /* Resources */,
			);
			buildRules = (
			);
			dependencies = (
			);
			name = "UIKit&SwiftUI";
			productName = "UIKit&SwiftUI";
			productReference = F072EB6722B6347800473651 /* UIKit&SwiftUI.app */;
			productType = "com.apple.product-type.application";
		};
/* End PBXNativeTarget section */

/* Begin PBXProject section */
		F072EB5F22B6347800473651 /* Project object */ = {
			isa = PBXProject;
			attributes = {
				LastSwiftUpdateCheck = 1100;
				LastUpgradeCheck = 1100;
				ORGANIZATIONNAME = "";
				TargetAttributes = {
					F072EB6622B6347800473651 = {
						CreatedOnToolsVersion = 11.0;
					};
				};
			};
			buildConfigurationList = F072EB6222B6347800473651 /* Build configuration list for PBXProject "UIKit&SwiftUI" */;
			compatibilityVersion = "Xcode 9.3";
			developmentRegion = en;
			hasScannedForEncodings = 0;
			knownRegions = (
				en,
				Base,
			);
			mainGroup = F072EB5E22B6347800473651;
			productRefGroup = F072EB6822B6347800473651 /* Products */;
			projectDirPath = "";
			projectRoot = "";
			targets = (
				F072EB6622B6347800473651 /* UIKit&SwiftUI */,
			);
		};
/* End PBXProject section */

/* Begin PBXResourcesBuildPhase section */
		F072EB6522B6347800473651 /* Resources */ = {
			isa = PBXResourcesBuildPhase;
			buildActionMask = 2147483647;
			files = (
				F072EB7722B6347800473651 /* LaunchScreen.storyboard in Resources */,
				F072EB7422B6347800473651 /* Assets.xcassets in Resources */,
				F072EB8322B63F8700473651 /* CustomCell.xib in Resources */,
				F072EB7222B6347800473651 /* Main.storyboard in Resources */,
			);
			runOnlyForDeploymentPostprocessing = 0;
		};
/* End PBXResourcesBuildPhase section */

/* Begin PBXSourcesBuildPhase section */
		F072EB6322B6347800473651 /* Sources */ = {
			isa = PBXSourcesBuildPhase;
			buildActionMask = 2147483647;
			files = (
				F072EB6F22B6347800473651 /* ViewController.swift in Sources */,
				F072EB7F22B63ABC00473651 /* Data.swift in Sources */,
				F007671D22B69B5400875BE8 /* DetailScreen.swift in Sources */,
				F072EB8522B6402400473651 /* CustomCell.swift in Sources */,
				F072EB6B22B6347800473651 /* AppDelegate.swift in Sources */,
				F072EB6D22B6347800473651 /* SceneDelegate.swift in Sources */,
			);
			runOnlyForDeploymentPostprocessing = 0;
		};
/* End PBXSourcesBuildPhase section */

/* Begin PBXVariantGroup section */
		F072EB7022B6347800473651 /* Main.storyboard */ = {
			isa = PBXVariantGroup;
			children = (
				F072EB7122B6347800473651 /* Base */,
			);
			name = Main.storyboard;
			sourceTree = "<group>";
		};
		F072EB7522B6347800473651 /* LaunchScreen.storyboard */ = {
			isa = PBXVariantGroup;
			children = (
				F072EB7622B6347800473651 /* Base */,
			);
			name = LaunchScreen.storyboard;
			sourceTree = "<group>";
		};
/* End PBXVariantGroup section */

/* Begin XCBuildConfiguration section */
		F072EB7922B6347800473651 /* Debug */ = {
			isa = XCBuildConfiguration;
			buildSettings = {
				ALWAYS_SEARCH_USER_PATHS = NO;
				CLANG_ANALYZER_NONNULL = YES;
				CLANG_ANALYZER_NUMBER_OBJECT_CONVERSION = YES_AGGRESSIVE;
				CLANG_CXX_LANGUAGE_STANDARD = "gnu++14";
				CLANG_CXX_LIBRARY = "libc++";
				CLANG_ENABLE_MODULES = YES;
				CLANG_ENABLE_OBJC_ARC = YES;
				CLANG_ENABLE_OBJC_WEAK = YES;
				CLANG_WARN_BLOCK_CAPTURE_AUTORELEASING = YES;
				CLANG_WARN_BOOL_CONVERSION = YES;
				CLANG_WARN_COMMA = YES;
				CLANG_WARN_CONSTANT_CONVERSION = YES;
				CLANG_WARN_DEPRECATED_OBJC_IMPLEMENTATIONS = YES;
				CLANG_WARN_DIRECT_OBJC_ISA_USAGE = YES_ERROR;
				CLANG_WARN_DOCUMENTATION_COMMENTS = YES;
				CLANG_WARN_EMPTY_BODY = YES;
				CLANG_WARN_ENUM_CONVERSION = YES;
				CLANG_WARN_INFINITE_RECURSION = YES;
				CLANG_WARN_INT_CONVERSION = YES;
				CLANG_WARN_NON_LITERAL_NULL_CONVERSION = YES;
				CLANG_WARN_OBJC_IMPLICIT_RETAIN_SELF = YES;
				CLANG_WARN_OBJC_LITERAL_CONVERSION = YES;
				CLANG_WARN_OBJC_ROOT_CLASS = YES_ERROR;
				CLANG_WARN_RANGE_LOOP_ANALYSIS = YES;
				CLANG_WARN_STRICT_PROTOTYPES = YES;
				CLANG_WARN_SUSPICIOUS_MOVE = YES;
				CLANG_WARN_UNGUARDED_AVAILABILITY = YES_AGGRESSIVE;
				CLANG_WARN_UNREACHABLE_CODE = YES;
				CLANG_WARN__DUPLICATE_METHOD_MATCH = YES;
				COPY_PHASE_STRIP = NO;
				DEBUG_INFORMATION_FORMAT = dwarf;
				ENABLE_STRICT_OBJC_MSGSEND = YES;
				ENABLE_TESTABILITY = YES;
				GCC_C_LANGUAGE_STANDARD = gnu11;
				GCC_DYNAMIC_NO_PIC = NO;
				GCC_NO_COMMON_BLOCKS = YES;
				GCC_OPTIMIZATION_LEVEL = 0;
				GCC_PREPROCESSOR_DEFINITIONS = (
					"DEBUG=1",
					"$(inherited)",
				);
				GCC_WARN_64_TO_32_BIT_CONVERSION = YES;
				GCC_WARN_ABOUT_RETURN_TYPE = YES_ERROR;
				GCC_WARN_UNDECLARED_SELECTOR = YES;
				GCC_WARN_UNINITIALIZED_AUTOS = YES_AGGRESSIVE;
				GCC_WARN_UNUSED_FUNCTION = YES;
				GCC_WARN_UNUSED_VARIABLE = YES;
				IPHONEOS_DEPLOYMENT_TARGET = 13.0;
				MTL_ENABLE_DEBUG_INFO = INCLUDE_SOURCE;
				MTL_FAST_MATH = YES;
				ONLY_ACTIVE_ARCH = YES;
				SDKROOT = iphoneos;
				SWIFT_ACTIVE_COMPILATION_CONDITIONS = DEBUG;
				SWIFT_OPTIMIZATION_LEVEL = "-Onone";
			};
			name = Debug;
		};
		F072EB7A22B6347800473651 /* Release */ = {
			isa = XCBuildConfiguration;
			buildSettings = {
				ALWAYS_SEARCH_USER_PATHS = NO;
				CLANG_ANALYZER_NONNULL = YES;
				CLANG_ANALYZER_NUMBER_OBJECT_CONVERSION = YES_AGGRESSIVE;
				CLANG_CXX_LANGUAGE_STANDARD = "gnu++14";
				CLANG_CXX_LIBRARY = "libc++";
				CLANG_ENABLE_MODULES = YES;
				CLANG_ENABLE_OBJC_ARC = YES;
				CLANG_ENABLE_OBJC_WEAK = YES;
				CLANG_WARN_BLOCK_CAPTURE_AUTORELEASING = YES;
				CLANG_WARN_BOOL_CONVERSION = YES;
				CLANG_WARN_COMMA = YES;
				CLANG_WARN_CONSTANT_CONVERSION = YES;
				CLANG_WARN_DEPRECATED_OBJC_IMPLEMENTATIONS = YES;
				CLANG_WARN_DIRECT_OBJC_ISA_USAGE = YES_ERROR;
				CLANG_WARN_DOCUMENTATION_COMMENTS = YES;
				CLANG_WARN_EMPTY_BODY = YES;
				CLANG_WARN_ENUM_CONVERSION = YES;
				CLANG_WARN_INFINITE_RECURSION = YES;
				CLANG_WARN_INT_CONVERSION = YES;
				CLANG_WARN_NON_LITERAL_NULL_CONVERSION = YES;
				CLANG_WARN_OBJC_IMPLICIT_RETAIN_SELF = YES;
				CLANG_WARN_OBJC_LITERAL_CONVERSION = YES;
				CLANG_WARN_OBJC_ROOT_CLASS = YES_ERROR;
				CLANG_WARN_RANGE_LOOP_ANALYSIS = YES;
				CLANG_WARN_STRICT_PROTOTYPES = YES;
				CLANG_WARN_SUSPICIOUS_MOVE = YES;
				CLANG_WARN_UNGUARDED_AVAILABILITY = YES_AGGRESSIVE;
				CLANG_WARN_UNREACHABLE_CODE = YES;
				CLANG_WARN__DUPLICATE_METHOD_MATCH = YES;
				COPY_PHASE_STRIP = NO;
				DEBUG_INFORMATION_FORMAT = "dwarf-with-dsym";
				ENABLE_NS_ASSERTIONS = NO;
				ENABLE_STRICT_OBJC_MSGSEND = YES;
				GCC_C_LANGUAGE_STANDARD = gnu11;
				GCC_NO_COMMON_BLOCKS = YES;
				GCC_WARN_64_TO_32_BIT_CONVERSION = YES;
				GCC_WARN_ABOUT_RETURN_TYPE = YES_ERROR;
				GCC_WARN_UNDECLARED_SELECTOR = YES;
				GCC_WARN_UNINITIALIZED_AUTOS = YES_AGGRESSIVE;
				GCC_WARN_UNUSED_FUNCTION = YES;
				GCC_WARN_UNUSED_VARIABLE = YES;
				IPHONEOS_DEPLOYMENT_TARGET = 13.0;
				MTL_ENABLE_DEBUG_INFO = NO;
				MTL_FAST_MATH = YES;
				SDKROOT = iphoneos;
				SWIFT_COMPILATION_MODE = wholemodule;
				SWIFT_OPTIMIZATION_LEVEL = "-O";
				VALIDATE_PRODUCT = YES;
			};
			name = Release;
		};
		F072EB7C22B6347800473651 /* Debug */ = {
			isa = XCBuildConfiguration;
			buildSettings = {
				ASSETCATALOG_COMPILER_APPICON_NAME = AppIcon;
				CODE_SIGN_STYLE = Automatic;
				DEVELOPMENT_TEAM = K953GCP3L6;
				INFOPLIST_FILE = "UIKit&SwiftUI/Info.plist";
				LD_RUNPATH_SEARCH_PATHS = (
					"$(inherited)",
					"@executable_path/Frameworks",
				);
				PRODUCT_BUNDLE_IDENTIFIER = "com.gulivero1773.UIKit-SwiftUI";
				PRODUCT_NAME = "$(TARGET_NAME)";
				SWIFT_VERSION = 5.0;
				TARGETED_DEVICE_FAMILY = "1,2";
			};
			name = Debug;
		};
		F072EB7D22B6347800473651 /* Release */ = {
			isa = XCBuildConfiguration;
			buildSettings = {
				ASSETCATALOG_COMPILER_APPICON_NAME = AppIcon;
				CODE_SIGN_STYLE = Automatic;
				DEVELOPMENT_TEAM = K953GCP3L6;
				INFOPLIST_FILE = "UIKit&SwiftUI/Info.plist";
				LD_RUNPATH_SEARCH_PATHS = (
					"$(inherited)",
					"@executable_path/Frameworks",
				);
				PRODUCT_BUNDLE_IDENTIFIER = "com.gulivero1773.UIKit-SwiftUI";
				PRODUCT_NAME = "$(TARGET_NAME)";
				SWIFT_VERSION = 5.0;
				TARGETED_DEVICE_FAMILY = "1,2";
			};
			name = Release;
		};
/* End XCBuildConfiguration section */

/* Begin XCConfigurationList section */
		F072EB6222B6347800473651 /* Build configuration list for PBXProject "UIKit&SwiftUI" */ = {
			isa = XCConfigurationList;
			buildConfigurations = (
				F072EB7922B6347800473651 /* Debug */,
				F072EB7A22B6347800473651 /* Release */,
			);
			defaultConfigurationIsVisible = 0;
			defaultConfigurationName = Release;
		};
		F072EB7B22B6347800473651 /* Build configuration list for PBXNativeTarget "UIKit&SwiftUI" */ = {
			isa = XCConfigurationList;
			buildConfigurations = (
				F072EB7C22B6347800473651 /* Debug */,
				F072EB7D22B6347800473651 /* Release */,
			);
			defaultConfigurationIsVisible = 0;
			defaultConfigurationName = Release;
		};
/* End XCConfigurationList section */
	};
	rootObject = F072EB5F22B6347800473651 /* Project object */;
}
