// !$*UTF8*$!
{
	archiveVersion = 1;
	classes = {
	};
	objectVersion = 50;
	objects = {

/* Begin PBXBuildFile section */
		019E7C47242639F500250A36 /* FriendsList.swift in Sources */ = {isa = PBXBuildFile; fileRef = 019E7C46242639F500250A36 /* FriendsList.swift */; };
		019E7C4924263A5F00250A36 /* coursesModelData.json in Resources */ = {isa = PBXBuildFile; fileRef = 019E7C4824263A5F00250A36 /* coursesModelData.json */; };
		019E7C4B24263B4900250A36 /* ProductsResponse.swift in Sources */ = {isa = PBXBuildFile; fileRef = 019E7C4A24263B4900250A36 /* ProductsResponse.swift */; };
		019E7C4D2426546C00250A36 /* ProductRow.swift in Sources */ = {isa = PBXBuildFile; fileRef = 019E7C4C2426546C00250A36 /* ProductRow.swift */; };
		019E7C4F242658FF00250A36 /* ProductItem.swift in Sources */ = {isa = PBXBuildFile; fileRef = 019E7C4E242658FF00250A36 /* ProductItem.swift */; };
		019E7C562426692200250A36 /* WebinarItem.swift in Sources */ = {isa = PBXBuildFile; fileRef = 019E7C512426692200250A36 /* WebinarItem.swift */; };
		019E7C572426692200250A36 /* CategoryItem.swift in Sources */ = {isa = PBXBuildFile; fileRef = 019E7C522426692200250A36 /* CategoryItem.swift */; };
		019E7C582426692200250A36 /* CategoryHome.swift in Sources */ = {isa = PBXBuildFile; fileRef = 019E7C532426692200250A36 /* CategoryHome.swift */; };
		019E7C592426692200250A36 /* WebinarRow.swift in Sources */ = {isa = PBXBuildFile; fileRef = 019E7C542426692200250A36 /* WebinarRow.swift */; };
		019E7C5A2426692200250A36 /* CategoryRow.swift in Sources */ = {isa = PBXBuildFile; fileRef = 019E7C552426692200250A36 /* CategoryRow.swift */; };
		019E7C5C242671E200250A36 /* DetailScreen.swift in Sources */ = {isa = PBXBuildFile; fileRef = 019E7C5B242671E200250A36 /* DetailScreen.swift */; };
		F06414E722AC133A00695653 /* userModelData.json in Resources */ = {isa = PBXBuildFile; fileRef = F06414E622AC133A00695653 /* userModelData.json */; };
		F06414E922AC134300695653 /* UserResponse.swift in Sources */ = {isa = PBXBuildFile; fileRef = F06414E822AC134200695653 /* UserResponse.swift */; };
		F06414EB22AC134900695653 /* Data.swift in Sources */ = {isa = PBXBuildFile; fileRef = F06414EA22AC134900695653 /* Data.swift */; };
		F085ACE622ABC82A00F54ABE /* AppDelegate.swift in Sources */ = {isa = PBXBuildFile; fileRef = F085ACE522ABC82A00F54ABE /* AppDelegate.swift */; };
		F085ACE822ABC82A00F54ABE /* SceneDelegate.swift in Sources */ = {isa = PBXBuildFile; fileRef = F085ACE722ABC82A00F54ABE /* SceneDelegate.swift */; };
		F085ACEA22ABC82A00F54ABE /* ContentView.swift in Sources */ = {isa = PBXBuildFile; fileRef = F085ACE922ABC82A00F54ABE /* ContentView.swift */; };
		F085ACEC22ABC82D00F54ABE /* Assets.xcassets in Resources */ = {isa = PBXBuildFile; fileRef = F085ACEB22ABC82D00F54ABE /* Assets.xcassets */; };
		F085ACEF22ABC82D00F54ABE /* Preview Assets.xcassets in Resources */ = {isa = PBXBuildFile; fileRef = F085ACEE22ABC82D00F54ABE /* Preview Assets.xcassets */; };
		F085ACF222ABC82D00F54ABE /* LaunchScreen.storyboard in Resources */ = {isa = PBXBuildFile; fileRef = F085ACF022ABC82D00F54ABE /* LaunchScreen.storyboard */; };
		F085ACFA22ABCD8B00F54ABE /* TopView.swift in Sources */ = {isa = PBXBuildFile; fileRef = F085ACF922ABCD8B00F54ABE /* TopView.swift */; };
		F085ACFC22ABD1AB00F54ABE /* Cell.swift in Sources */ = {isa = PBXBuildFile; fileRef = F085ACFB22ABD1AB00F54ABE /* Cell.swift */; };
/* End PBXBuildFile section */

/* Begin PBXFileReference section */
		019E7C46242639F500250A36 /* FriendsList.swift */ = {isa = PBXFileReference; fileEncoding = 4; lastKnownFileType = sourcecode.swift; path = FriendsList.swift; sourceTree = "<group>"; };
		019E7C4824263A5F00250A36 /* coursesModelData.json */ = {isa = PBXFileReference; fileEncoding = 4; lastKnownFileType = text.json; path = coursesModelData.json; sourceTree = "<group>"; };
		019E7C4A24263B4900250A36 /* ProductsResponse.swift */ = {isa = PBXFileReference; lastKnownFileType = sourcecode.swift; path = ProductsResponse.swift; sourceTree = "<group>"; };
		019E7C4C2426546C00250A36 /* ProductRow.swift */ = {isa = PBXFileReference; lastKnownFileType = sourcecode.swift; path = ProductRow.swift; sourceTree = "<group>"; };
		019E7C4E242658FF00250A36 /* ProductItem.swift */ = {isa = PBXFileReference; lastKnownFileType = sourcecode.swift; path = ProductItem.swift; sourceTree = "<group>"; };
		019E7C512426692200250A36 /* WebinarItem.swift */ = {isa = PBXFileReference; fileEncoding = 4; lastKnownFileType = sourcecode.swift; path = WebinarItem.swift; sourceTree = "<group>"; };
		019E7C522426692200250A36 /* CategoryItem.swift */ = {isa = PBXFileReference; fileEncoding = 4; lastKnownFileType = sourcecode.swift; path = CategoryItem.swift; sourceTree = "<group>"; };
		019E7C532426692200250A36 /* CategoryHome.swift */ = {isa = PBXFileReference; fileEncoding = 4; lastKnownFileType = sourcecode.swift; path = CategoryHome.swift; sourceTree = "<group>"; };
		019E7C542426692200250A36 /* WebinarRow.swift */ = {isa = PBXFileReference; fileEncoding = 4; lastKnownFileType = sourcecode.swift; path = WebinarRow.swift; sourceTree = "<group>"; };
		019E7C552426692200250A36 /* CategoryRow.swift */ = {isa = PBXFileReference; fileEncoding = 4; lastKnownFileType = sourcecode.swift; path = CategoryRow.swift; sourceTree = "<group>"; };
		019E7C5B242671E200250A36 /* DetailScreen.swift */ = {isa = PBXFileReference; lastKnownFileType = sourcecode.swift; path = DetailScreen.swift; sourceTree = "<group>"; };
		F06414E622AC133A00695653 /* userModelData.json */ = {isa = PBXFileReference; fileEncoding = 4; lastKnownFileType = text.json; path = userModelData.json; sourceTree = "<group>"; };
		F06414E822AC134200695653 /* UserResponse.swift */ = {isa = PBXFileReference; fileEncoding = 4; lastKnownFileType = sourcecode.swift; path = UserResponse.swift; sourceTree = "<group>"; };
		F06414EA22AC134900695653 /* Data.swift */ = {isa = PBXFileReference; fileEncoding = 4; lastKnownFileType = sourcecode.swift; path = Data.swift; sourceTree = "<group>"; };
		F085ACE222ABC82A00F54ABE /* SwifbookApp.app */ = {isa = PBXFileReference; explicitFileType = wrapper.application; includeInIndex = 0; path = SwifbookApp.app; sourceTree = BUILT_PRODUCTS_DIR; };
		F085ACE522ABC82A00F54ABE /* AppDelegate.swift */ = {isa = PBXFileReference; lastKnownFileType = sourcecode.swift; path = AppDelegate.swift; sourceTree = "<group>"; };
		F085ACE722ABC82A00F54ABE /* SceneDelegate.swift */ = {isa = PBXFileReference; lastKnownFileType = sourcecode.swift; path = SceneDelegate.swift; sourceTree = "<group>"; };
		F085ACE922ABC82A00F54ABE /* ContentView.swift */ = {isa = PBXFileReference; lastKnownFileType = sourcecode.swift; path = ContentView.swift; sourceTree = "<group>"; };
		F085ACEB22ABC82D00F54ABE /* Assets.xcassets */ = {isa = PBXFileReference; lastKnownFileType = folder.assetcatalog; path = Assets.xcassets; sourceTree = "<group>"; };
		F085ACEE22ABC82D00F54ABE /* Preview Assets.xcassets */ = {isa = PBXFileReference; lastKnownFileType = folder.assetcatalog; path = "Preview Assets.xcassets"; sourceTree = "<group>"; };
		F085ACF122ABC82D00F54ABE /* Base */ = {isa = PBXFileReference; lastKnownFileType = file.storyboard; name = Base; path = Base.lproj/LaunchScreen.storyboard; sourceTree = "<group>"; };
		F085ACF322ABC82D00F54ABE /* Info.plist */ = {isa = PBXFileReference; lastKnownFileType = text.plist.xml; path = Info.plist; sourceTree = "<group>"; };
		F085ACF922ABCD8B00F54ABE /* TopView.swift */ = {isa = PBXFileReference; lastKnownFileType = sourcecode.swift; path = TopView.swift; sourceTree = "<group>"; };
		F085ACFB22ABD1AB00F54ABE /* Cell.swift */ = {isa = PBXFileReference; lastKnownFileType = sourcecode.swift; path = Cell.swift; sourceTree = "<group>"; };
/* End PBXFileReference section */

/* Begin PBXFrameworksBuildPhase section */
		F085ACDF22ABC82A00F54ABE /* Frameworks */ = {
			isa = PBXFrameworksBuildPhase;
			buildActionMask = 2147483647;
			files = (
			);
			runOnlyForDeploymentPostprocessing = 0;
		};
/* End PBXFrameworksBuildPhase section */

/* Begin PBXGroup section */
		019E7C502426692200250A36 /* HomeScreen */ = {
			isa = PBXGroup;
			children = (
				019E7C512426692200250A36 /* WebinarItem.swift */,
				019E7C522426692200250A36 /* CategoryItem.swift */,
				019E7C532426692200250A36 /* CategoryHome.swift */,
				019E7C542426692200250A36 /* WebinarRow.swift */,
				019E7C552426692200250A36 /* CategoryRow.swift */,
			);
			path = HomeScreen;
			sourceTree = "<group>";
		};
		019E7C5D242671E700250A36 /* Detail */ = {
			isa = PBXGroup;
			children = (
				019E7C5B242671E200250A36 /* DetailScreen.swift */,
			);
			path = Detail;
			sourceTree = "<group>";
		};
		F085ACD922ABC82A00F54ABE = {
			isa = PBXGroup;
			children = (
				F085ACE422ABC82A00F54ABE /* SwifbookApp */,
				F085ACE322ABC82A00F54ABE /* Products */,
			);
			sourceTree = "<group>";
		};
		F085ACE322ABC82A00F54ABE /* Products */ = {
			isa = PBXGroup;
			children = (
				F085ACE222ABC82A00F54ABE /* SwifbookApp.app */,
			);
			name = Products;
			sourceTree = "<group>";
		};
		F085ACE422ABC82A00F54ABE /* SwifbookApp */ = {
			isa = PBXGroup;
			children = (
				F085ACE522ABC82A00F54ABE /* AppDelegate.swift */,
				F085ACE722ABC82A00F54ABE /* SceneDelegate.swift */,
				F085ACE922ABC82A00F54ABE /* ContentView.swift */,
				019E7C4C2426546C00250A36 /* ProductRow.swift */,
				019E7C4E242658FF00250A36 /* ProductItem.swift */,
				F088E94F22AC78CB00282C60 /* Models */,
				F0ADF2F122AC78F900FFBF96 /* FriendsList */,
				F0ADF2F022AC78E300FFBF96 /* Resources */,
				F085ACEB22ABC82D00F54ABE /* Assets.xcassets */,
				F085ACF022ABC82D00F54ABE /* LaunchScreen.storyboard */,
				F085ACF322ABC82D00F54ABE /* Info.plist */,
				019E7C5D242671E700250A36 /* Detail */,
				019E7C502426692200250A36 /* HomeScreen */,
				F085ACED22ABC82D00F54ABE /* Preview Content */,
			);
			path = SwifbookApp;
			sourceTree = "<group>";
		};
		F085ACED22ABC82D00F54ABE /* Preview Content */ = {
			isa = PBXGroup;
			children = (
				F085ACEE22ABC82D00F54ABE /* Preview Assets.xcassets */,
			);
			path = "Preview Content";
			sourceTree = "<group>";
		};
		F088E94F22AC78CB00282C60 /* Models */ = {
			isa = PBXGroup;
			children = (
				F06414E822AC134200695653 /* UserResponse.swift */,
				019E7C4A24263B4900250A36 /* ProductsResponse.swift */,
				F06414EA22AC134900695653 /* Data.swift */,
			);
			path = Models;
			sourceTree = "<group>";
		};
		F0ADF2F022AC78E300FFBF96 /* Resources */ = {
			isa = PBXGroup;
			children = (
				F06414E622AC133A00695653 /* userModelData.json */,
				019E7C4824263A5F00250A36 /* coursesModelData.json */,
			);
			path = Resources;
			sourceTree = "<group>";
		};
		F0ADF2F122AC78F900FFBF96 /* FriendsList */ = {
			isa = PBXGroup;
			children = (
				F085ACF922ABCD8B00F54ABE /* TopView.swift */,
				F085ACFB22ABD1AB00F54ABE /* Cell.swift */,
				019E7C46242639F500250A36 /* FriendsList.swift */,
			);
			path = FriendsList;
			sourceTree = "<group>";
		};
/* End PBXGroup section */

/* Begin PBXNativeTarget section */
		F085ACE122ABC82A00F54ABE /* SwifbookApp */ = {
			isa = PBXNativeTarget;
			buildConfigurationList = F085ACF622ABC82D00F54ABE /* Build configuration list for PBXNativeTarget "SwifbookApp" */;
			buildPhases = (
				F085ACDE22ABC82A00F54ABE /* Sources */,
				F085ACDF22ABC82A00F54ABE /* Frameworks */,
				F085ACE022ABC82A00F54ABE /* Resources */,
			);
			buildRules = (
			);
			dependencies = (
			);
			name = SwifbookApp;
			productName = SwifbookApp;
			productReference = F085ACE222ABC82A00F54ABE /* SwifbookApp.app */;
			productType = "com.apple.product-type.application";
		};
/* End PBXNativeTarget section */

/* Begin PBXProject section */
		F085ACDA22ABC82A00F54ABE /* Project object */ = {
			isa = PBXProject;
			attributes = {
				LastSwiftUpdateCheck = 1100;
				LastUpgradeCheck = 1100;
				ORGANIZATIONNAME = "";
				TargetAttributes = {
					F085ACE122ABC82A00F54ABE = {
						CreatedOnToolsVersion = 11.0;
					};
				};
			};
			buildConfigurationList = F085ACDD22ABC82A00F54ABE /* Build configuration list for PBXProject "SwifbookApp" */;
			compatibilityVersion = "Xcode 9.3";
			developmentRegion = en;
			hasScannedForEncodings = 0;
			knownRegions = (
				en,
				Base,
			);
			mainGroup = F085ACD922ABC82A00F54ABE;
			productRefGroup = F085ACE322ABC82A00F54ABE /* Products */;
			projectDirPath = "";
			projectRoot = "";
			targets = (
				F085ACE122ABC82A00F54ABE /* SwifbookApp */,
			);
		};
/* End PBXProject section */

/* Begin PBXResourcesBuildPhase section */
		F085ACE022ABC82A00F54ABE /* Resources */ = {
			isa = PBXResourcesBuildPhase;
			buildActionMask = 2147483647;
			files = (
				F06414E722AC133A00695653 /* userModelData.json in Resources */,
				F085ACF222ABC82D00F54ABE /* LaunchScreen.storyboard in Resources */,
				F085ACEF22ABC82D00F54ABE /* Preview Assets.xcassets in Resources */,
				019E7C4924263A5F00250A36 /* coursesModelData.json in Resources */,
				F085ACEC22ABC82D00F54ABE /* Assets.xcassets in Resources */,
			);
			runOnlyForDeploymentPostprocessing = 0;
		};
/* End PBXResourcesBuildPhase section */

/* Begin PBXSourcesBuildPhase section */
		F085ACDE22ABC82A00F54ABE /* Sources */ = {
			isa = PBXSourcesBuildPhase;
			buildActionMask = 2147483647;
			files = (
				F06414EB22AC134900695653 /* Data.swift in Sources */,
				F085ACE622ABC82A00F54ABE /* AppDelegate.swift in Sources */,
				019E7C5A2426692200250A36 /* CategoryRow.swift in Sources */,
				019E7C4D2426546C00250A36 /* ProductRow.swift in Sources */,
				F085ACE822ABC82A00F54ABE /* SceneDelegate.swift in Sources */,
				019E7C47242639F500250A36 /* FriendsList.swift in Sources */,
				F085ACFC22ABD1AB00F54ABE /* Cell.swift in Sources */,
				F085ACFA22ABCD8B00F54ABE /* TopView.swift in Sources */,
				F085ACEA22ABC82A00F54ABE /* ContentView.swift in Sources */,
				019E7C582426692200250A36 /* CategoryHome.swift in Sources */,
				019E7C572426692200250A36 /* CategoryItem.swift in Sources */,
				019E7C4B24263B4900250A36 /* ProductsResponse.swift in Sources */,
				F06414E922AC134300695653 /* UserResponse.swift in Sources */,
				019E7C592426692200250A36 /* WebinarRow.swift in Sources */,
				019E7C4F242658FF00250A36 /* ProductItem.swift in Sources */,
				019E7C5C242671E200250A36 /* DetailScreen.swift in Sources */,
				019E7C562426692200250A36 /* WebinarItem.swift in Sources */,
			);
			runOnlyForDeploymentPostprocessing = 0;
		};
/* End PBXSourcesBuildPhase section */

/* Begin PBXVariantGroup section */
		F085ACF022ABC82D00F54ABE /* LaunchScreen.storyboard */ = {
			isa = PBXVariantGroup;
			children = (
				F085ACF122ABC82D00F54ABE /* Base */,
			);
			name = LaunchScreen.storyboard;
			sourceTree = "<group>";
		};
/* End PBXVariantGroup section */

/* Begin XCBuildConfiguration section */
		F085ACF422ABC82D00F54ABE /* Debug */ = {
			isa = XCBuildConfiguration;
			buildSettings = {
				ALWAYS_SEARCH_USER_PATHS = NO;
				CLANG_ANALYZER_NONNULL = YES;
				CLANG_ANALYZER_NUMBER_OBJECT_CONVERSION = YES_AGGRESSIVE;
				CLANG_CXX_LANGUAGE_STANDARD = "gnu++14";
				CLANG_CXX_LIBRARY = "libc++";
				CLANG_ENABLE_MODULES = YES;
				CLANG_ENABLE_OBJC_ARC = YES;
				CLANG_ENABLE_OBJC_WEAK = YES;
				CLANG_WARN_BLOCK_CAPTURE_AUTORELEASING = YES;
				CLANG_WARN_BOOL_CONVERSION = YES;
				CLANG_WARN_COMMA = YES;
				CLANG_WARN_CONSTANT_CONVERSION = YES;
				CLANG_WARN_DEPRECATED_OBJC_IMPLEMENTATIONS = YES;
				CLANG_WARN_DIRECT_OBJC_ISA_USAGE = YES_ERROR;
				CLANG_WARN_DOCUMENTATION_COMMENTS = YES;
				CLANG_WARN_EMPTY_BODY = YES;
				CLANG_WARN_ENUM_CONVERSION = YES;
				CLANG_WARN_INFINITE_RECURSION = YES;
				CLANG_WARN_INT_CONVERSION = YES;
				CLANG_WARN_NON_LITERAL_NULL_CONVERSION = YES;
				CLANG_WARN_OBJC_IMPLICIT_RETAIN_SELF = YES;
				CLANG_WARN_OBJC_LITERAL_CONVERSION = YES;
				CLANG_WARN_OBJC_ROOT_CLASS = YES_ERROR;
				CLANG_WARN_RANGE_LOOP_ANALYSIS = YES;
				CLANG_WARN_STRICT_PROTOTYPES = YES;
				CLANG_WARN_SUSPICIOUS_MOVE = YES;
				CLANG_WARN_UNGUARDED_AVAILABILITY = YES_AGGRESSIVE;
				CLANG_WARN_UNREACHABLE_CODE = YES;
				CLANG_WARN__DUPLICATE_METHOD_MATCH = YES;
				COPY_PHASE_STRIP = NO;
				DEBUG_INFORMATION_FORMAT = dwarf;
				ENABLE_STRICT_OBJC_MSGSEND = YES;
				ENABLE_TESTABILITY = YES;
				GCC_C_LANGUAGE_STANDARD = gnu11;
				GCC_DYNAMIC_NO_PIC = NO;
				GCC_NO_COMMON_BLOCKS = YES;
				GCC_OPTIMIZATION_LEVEL = 0;
				GCC_PREPROCESSOR_DEFINITIONS = (
					"DEBUG=1",
					"$(inherited)",
				);
				GCC_WARN_64_TO_32_BIT_CONVERSION = YES;
				GCC_WARN_ABOUT_RETURN_TYPE = YES_ERROR;
				GCC_WARN_UNDECLARED_SELECTOR = YES;
				GCC_WARN_UNINITIALIZED_AUTOS = YES_AGGRESSIVE;
				GCC_WARN_UNUSED_FUNCTION = YES;
				GCC_WARN_UNUSED_VARIABLE = YES;
				IPHONEOS_DEPLOYMENT_TARGET = 13.0;
				MTL_ENABLE_DEBUG_INFO = INCLUDE_SOURCE;
				MTL_FAST_MATH = YES;
				ONLY_ACTIVE_ARCH = YES;
				SDKROOT = iphoneos;
				SWIFT_ACTIVE_COMPILATION_CONDITIONS = DEBUG;
				SWIFT_OPTIMIZATION_LEVEL = "-Onone";
			};
			name = Debug;
		};
		F085ACF522ABC82D00F54ABE /* Release */ = {
			isa = XCBuildConfiguration;
			buildSettings = {
				ALWAYS_SEARCH_USER_PATHS = NO;
				CLANG_ANALYZER_NONNULL = YES;
				CLANG_ANALYZER_NUMBER_OBJECT_CONVERSION = YES_AGGRESSIVE;
				CLANG_CXX_LANGUAGE_STANDARD = "gnu++14";
				CLANG_CXX_LIBRARY = "libc++";
				CLANG_ENABLE_MODULES = YES;
				CLANG_ENABLE_OBJC_ARC = YES;
				CLANG_ENABLE_OBJC_WEAK = YES;
				CLANG_WARN_BLOCK_CAPTURE_AUTORELEASING = YES;
				CLANG_WARN_BOOL_CONVERSION = YES;
				CLANG_WARN_COMMA = YES;
				CLANG_WARN_CONSTANT_CONVERSION = YES;
				CLANG_WARN_DEPRECATED_OBJC_IMPLEMENTATIONS = YES;
				CLANG_WARN_DIRECT_OBJC_ISA_USAGE = YES_ERROR;
				CLANG_WARN_DOCUMENTATION_COMMENTS = YES;
				CLANG_WARN_EMPTY_BODY = YES;
				CLANG_WARN_ENUM_CONVERSION = YES;
				CLANG_WARN_INFINITE_RECURSION = YES;
				CLANG_WARN_INT_CONVERSION = YES;
				CLANG_WARN_NON_LITERAL_NULL_CONVERSION = YES;
				CLANG_WARN_OBJC_IMPLICIT_RETAIN_SELF = YES;
				CLANG_WARN_OBJC_LITERAL_CONVERSION = YES;
				CLANG_WARN_OBJC_ROOT_CLASS = YES_ERROR;
				CLANG_WARN_RANGE_LOOP_ANALYSIS = YES;
				CLANG_WARN_STRICT_PROTOTYPES = YES;
				CLANG_WARN_SUSPICIOUS_MOVE = YES;
				CLANG_WARN_UNGUARDED_AVAILABILITY = YES_AGGRESSIVE;
				CLANG_WARN_UNREACHABLE_CODE = YES;
				CLANG_WARN__DUPLICATE_METHOD_MATCH = YES;
				COPY_PHASE_STRIP = NO;
				DEBUG_INFORMATION_FORMAT = "dwarf-with-dsym";
				ENABLE_NS_ASSERTIONS = NO;
				ENABLE_STRICT_OBJC_MSGSEND = YES;
				GCC_C_LANGUAGE_STANDARD = gnu11;
				GCC_NO_COMMON_BLOCKS = YES;
				GCC_WARN_64_TO_32_BIT_CONVERSION = YES;
				GCC_WARN_ABOUT_RETURN_TYPE = YES_ERROR;
				GCC_WARN_UNDECLARED_SELECTOR = YES;
				GCC_WARN_UNINITIALIZED_AUTOS = YES_AGGRESSIVE;
				GCC_WARN_UNUSED_FUNCTION = YES;
				GCC_WARN_UNUSED_VARIABLE = YES;
				IPHONEOS_DEPLOYMENT_TARGET = 13.0;
				MTL_ENABLE_DEBUG_INFO = NO;
				MTL_FAST_MATH = YES;
				SDKROOT = iphoneos;
				SWIFT_COMPILATION_MODE = wholemodule;
				SWIFT_OPTIMIZATION_LEVEL = "-O";
				VALIDATE_PRODUCT = YES;
			};
			name = Release;
		};
		F085ACF722ABC82D00F54ABE /* Debug */ = {
			isa = XCBuildConfiguration;
			buildSettings = {
				ASSETCATALOG_COMPILER_APPICON_NAME = AppIcon;
				CODE_SIGN_STYLE = Automatic;
				DEVELOPMENT_ASSET_PATHS = "SwifbookApp/Preview\\ Content";
				DEVELOPMENT_TEAM = K953GCP3L6;
				ENABLE_PREVIEWS = YES;
				INFOPLIST_FILE = SwifbookApp/Info.plist;
				LD_RUNPATH_SEARCH_PATHS = (
					"$(inherited)",
					"@executable_path/Frameworks",
				);
				PRODUCT_BUNDLE_IDENTIFIER = com.gulivero1773.SwifbookApp;
				PRODUCT_NAME = "$(TARGET_NAME)";
				SWIFT_VERSION = 5.0;
				TARGETED_DEVICE_FAMILY = "1,2";
			};
			name = Debug;
		};
		F085ACF822ABC82D00F54ABE /* Release */ = {
			isa = XCBuildConfiguration;
			buildSettings = {
				ASSETCATALOG_COMPILER_APPICON_NAME = AppIcon;
				CODE_SIGN_STYLE = Automatic;
				DEVELOPMENT_ASSET_PATHS = "SwifbookApp/Preview\\ Content";
				DEVELOPMENT_TEAM = K953GCP3L6;
				ENABLE_PREVIEWS = YES;
				INFOPLIST_FILE = SwifbookApp/Info.plist;
				LD_RUNPATH_SEARCH_PATHS = (
					"$(inherited)",
					"@executable_path/Frameworks",
				);
				PRODUCT_BUNDLE_IDENTIFIER = com.gulivero1773.SwifbookApp;
				PRODUCT_NAME = "$(TARGET_NAME)";
				SWIFT_VERSION = 5.0;
				TARGETED_DEVICE_FAMILY = "1,2";
			};
			name = Release;
		};
/* End XCBuildConfiguration section */

/* Begin XCConfigurationList section */
		F085ACDD22ABC82A00F54ABE /* Build configuration list for PBXProject "SwifbookApp" */ = {
			isa = XCConfigurationList;
			buildConfigurations = (
				F085ACF422ABC82D00F54ABE /* Debug */,
				F085ACF522ABC82D00F54ABE /* Release */,
			);
			defaultConfigurationIsVisible = 0;
			defaultConfigurationName = Release;
		};
		F085ACF622ABC82D00F54ABE /* Build configuration list for PBXNativeTarget "SwifbookApp" */ = {
			isa = XCConfigurationList;
			buildConfigurations = (
				F085ACF722ABC82D00F54ABE /* Debug */,
				F085ACF822ABC82D00F54ABE /* Release */,
			);
			defaultConfigurationIsVisible = 0;
			defaultConfigurationName = Release;
		};
/* End XCConfigurationList section */
	};
	rootObject = F085ACDA22ABC82A00F54ABE /* Project object */;
}
